
Microsoft Visual Studio Solution File, Format Version 12.00
# Visual Studio Version 16
VisualStudioVersion = 16.0.30804.86
MinimumVisualStudioVersion = 10.0.40219.1
Project("{FAE04EC0-301F-11D3-BF4B-00C04F79EFBC}") = "ConsoleApp4", "ConsoleApp4\ConsoleApp4.csproj", "{4D81F6F2-A208-4197-82A3-00E246FDBF5F}"
EndProject
Global
	GlobalSection(SolutionConfigurationPlatforms) = preSolution
		Debug|Any CPU = Debug|Any CPU
		Release|Any CPU = Release|Any CPU
	EndGlobalSection
	GlobalSection(ProjectConfigurationPlatforms) = postSolution
		{4D81F6F2-A208-4197-82A3-00E246FDBF5F}.Debug|Any CPU.ActiveCfg = Debug|Any CPU
		{4D81F6F2-A208-4197-82A3-00E246FDBF5F}.Debug|Any CPU.Build.0 = Debug|Any CPU
		{4D81F6F2-A208-4197-82A3-00E246FDBF5F}.Release|Any CPU.ActiveCfg = Release|Any CPU
		{4D81F6F2-A208-4197-82A3-00E246FDBF5F}.Release|Any CPU.Build.0 = Release|Any CPU
	EndGlobalSection
	GlobalSection(SolutionProperties) = preSolution
		HideSolutionNode = FALSE
	EndGlobalSection
	GlobalSection(ExtensibilityGlobals) = postSolution
		SolutionGuid = {E1B45F04-B4BE-44A2-B55F-C10C195B2351}
	EndGlobalSection
EndGlobal
